
Microsoft Visual Studio Solution File, Format Version 12.00
# Visual Studio Version 16
VisualStudioVersion = 16.0.31424.327
MinimumVisualStudioVersion = 10.0.40219.1
Project("{FAE04EC0-301F-11D3-BF4B-00C04F79EFBC}") = "CodingEvents", "CodingEvents.csproj", "{988F579A-81A4-4679-8551-B8AF0A1B5069}"
EndProject
Global
	GlobalSection(SolutionConfigurationPlatforms) = preSolution
		Debug|Any CPU = Debug|Any CPU
		Release|Any CPU = Release|Any CPU
	EndGlobalSection
	GlobalSection(ProjectConfigurationPlatforms) = postSolution
		{988F579A-81A4-4679-8551-B8AF0A1B5069}.Debug|Any CPU.ActiveCfg = Debug|Any CPU
		{988F579A-81A4-4679-8551-B8AF0A1B5069}.Debug|Any CPU.Build.0 = Debug|Any CPU
		{988F579A-81A4-4679-8551-B8AF0A1B5069}.Release|Any CPU.ActiveCfg = Release|Any CPU
		{988F579A-81A4-4679-8551-B8AF0A1B5069}.Release|Any CPU.Build.0 = Release|Any CPU
	EndGlobalSection
	GlobalSection(SolutionProperties) = preSolution
		HideSolutionNode = FALSE
	EndGlobalSection
	GlobalSection(ExtensibilityGlobals) = postSolution
		SolutionGuid = {F7FECF39-3093-4E47-9884-A353A655B5E7}
	EndGlobalSection
EndGlobal
